Microsoft Visual Studio Solution File, Format Version 12.00
# Visual Studio Version 17
VisualStudioVersion = 17.13.35818.85
MinimumVisualStudioVersion = 10.0.40219.1
Project("{FAE04EC0-301F-11D3-BF4B-00C04F79EFBC}") = "json-implementation", "json-implementation\json-implementation.csproj", "{F04201F7-293E-4BC5-AA2C-DF34EA0C02BF}"
EndProject
Global
	GlobalSection(SolutionConfigurationPlatforms) = preSolution
		Debug|Any CPU = Debug|Any CPU
		Release|Any CPU = Release|Any CPU
	EndGlobalSection
	GlobalSection(ProjectConfigurationPlatforms) = postSolution
		{F04201F7-293E-4BC5-AA2C-DF34EA0C02BF}.Debug|Any CPU.ActiveCfg = Debug|Any CPU
		{F04201F7-293E-4BC5-AA2C-DF34EA0C02BF}.Debug|Any CPU.Build.0 = Debug|Any CPU
		{F04201F7-293E-4BC5-AA2C-DF34EA0C02BF}.Release|Any CPU.ActiveCfg = Release|Any CPU
		{F04201F7-293E-4BC5-AA2C-DF34EA0C02BF}.Release|Any CPU.Build.0 = Release|Any CPU
	EndGlobalSection
	GlobalSection(SolutionProperties) = preSolution
		HideSolutionNode = FALSE
	EndGlobalSection
	GlobalSection(ExtensibilityGlobals) = postSolution
		SolutionGuid = {1B283919-986B-45DC-8D90-7D29DEC8AD0F}
	EndGlobalSection
EndGlobal
